
Microsoft Visual Studio Solution File, Format Version 12.00
# Visual Studio 14
VisualStudioVersion = 14.0.23107.0
MinimumVisualStudioVersion = 10.0.40219.1
Project("{FAE04EC0-301F-11D3-BF4B-00C04F79EFBC}") = "Catel.Benchmarks", "Catel.Benchmarks\Catel.Benchmarks.csproj", "{59DA31C5-75AD-46E2-ADB8-3CE406E63811}"
EndProject
Project("{2150E333-8FDC-42A3-9474-1A3956D46DE8}") = "src", "src", "{27115CCC-C1EE-4864-A4EA-87D26BC8A736}"
EndProject
Project("{2150E333-8FDC-42A3-9474-1A3956D46DE8}") = "misc", "misc", "{5AED8118-8A9E-4F8F-BD95-AF02876A23BF}"
	ProjectSection(SolutionItems) = preProject
		Catel.Benchmarks.sln.DotSettings = Catel.Benchmarks.sln.DotSettings
		nuget.config = nuget.config
		SolutionAssemblyInfo.cs = SolutionAssemblyInfo.cs
	EndProjectSection
EndProject
Project("{2150E333-8FDC-42A3-9474-1A3956D46DE8}") = "lib", "lib", "{4EABD9E9-5F20-42C0-B45C-C3E62F2429F1}"
	ProjectSection(SolutionItems) = preProject
		..\lib\repositories.config = ..\lib\repositories.config
	EndProjectSection
EndProject
Global
	GlobalSection(SolutionConfigurationPlatforms) = preSolution
		Debug|Any CPU = Debug|Any CPU
		Release|Any CPU = Release|Any CPU
	EndGlobalSection
	GlobalSection(ProjectConfigurationPlatforms) = postSolution
		{59DA31C5-75AD-46E2-ADB8-3CE406E63811}.Debug|Any CPU.ActiveCfg = Debug|Any CPU
		{59DA31C5-75AD-46E2-ADB8-3CE406E63811}.Debug|Any CPU.Build.0 = Debug|Any CPU
		{59DA31C5-75AD-46E2-ADB8-3CE406E63811}.Release|Any CPU.ActiveCfg = Release|Any CPU
		{59DA31C5-75AD-46E2-ADB8-3CE406E63811}.Release|Any CPU.Build.0 = Release|Any CPU
	EndGlobalSection
	GlobalSection(SolutionProperties) = preSolution
		HideSolutionNode = FALSE
	EndGlobalSection
	GlobalSection(NestedProjects) = preSolution
		{59DA31C5-75AD-46E2-ADB8-3CE406E63811} = {27115CCC-C1EE-4864-A4EA-87D26BC8A736}
	EndGlobalSection
EndGlobal
