
Microsoft Visual Studio Solution File, Format Version 12.00
# Visual Studio Version 16
VisualStudioVersion = 16.0.29411.138
MinimumVisualStudioVersion = 10.0.40219.1
Project("{2150E333-8FDC-42A3-9474-1A3956D46DE8}") = "src", "src", "{27115CCC-C1EE-4864-A4EA-87D26BC8A736}"
EndProject
Project("{2150E333-8FDC-42A3-9474-1A3956D46DE8}") = "misc", "misc", "{5AED8118-8A9E-4F8F-BD95-AF02876A23BF}"
	ProjectSection(SolutionItems) = preProject
		Catel.Benchmarks.sln.DotSettings = Catel.Benchmarks.sln.DotSettings
		Directory.build.project.props = Directory.build.project.props
		Directory.build.props = Directory.build.props
		Directory.build.shared.explicit.props = Directory.build.shared.explicit.props
		Directory.build.shared.implicit.props = Directory.build.shared.implicit.props
		Directory.build.targets = Directory.build.targets
		MethodTimeLogger.cs = MethodTimeLogger.cs
		nuget.config = nuget.config
		SolutionAssemblyInfo.cs = SolutionAssemblyInfo.cs
	EndProjectSection
EndProject
Project("{D954291E-2A0B-460D-934E-DC6B0785DB48}") = "Catel.Benchmarks.Shared", "Catel.Benchmarks.Shared\Catel.Benchmarks.Shared.shproj", "{210AE7FC-543F-4D63-B0E0-2765D7B5CEB1}"
EndProject
Project("{2150E333-8FDC-42A3-9474-1A3956D46DE8}") = "Benchmarks", "Benchmarks", "{2A12C41E-EEE8-4EF7-8FC9-EF16F5B23D7F}"
EndProject
Project("{2150E333-8FDC-42A3-9474-1A3956D46DE8}") = "Runner", "Runner", "{23D72EE1-3FF4-4B07-8B79-134B8E5242D6}"
EndProject
Project("{9A19103F-16F7-4668-BE54-9A1E7A4F7556}") = "Catel.BenchmarkCombiner", "Catel.BenchmarkCombiner\Catel.BenchmarkCombiner.csproj", "{DB7F989A-A74C-4535-9F6E-5F9A41908597}"
	ProjectSection(ProjectDependencies) = postProject
		{0F5ADFD5-3052-45EA-AC81-771235AC8B06} = {0F5ADFD5-3052-45EA-AC81-771235AC8B06}
	EndProjectSection
EndProject
Project("{9A19103F-16F7-4668-BE54-9A1E7A4F7556}") = "Catel.Benchmarks.5.0", "Catel.Benchmarks.5.0\Catel.Benchmarks.5.0.csproj", "{0F5ADFD5-3052-45EA-AC81-771235AC8B06}"
EndProject
Project("{9A19103F-16F7-4668-BE54-9A1E7A4F7556}") = "Catel.Benchmarks.5.4", "Catel.Benchmarks.5.4\Catel.Benchmarks.5.4.csproj", "{EA7F2B63-24EC-4917-92C2-F05C102DD293}"
EndProject
Project("{9A19103F-16F7-4668-BE54-9A1E7A4F7556}") = "Catel.Benchmarks.5.5", "Catel.Benchmarks.5.5\Catel.Benchmarks.5.5.csproj", "{68A4DBF3-EB58-4B68-B3FF-5174D1B118FE}"
EndProject
Project("{9A19103F-16F7-4668-BE54-9A1E7A4F7556}") = "Catel.Benchmarks.5.6", "Catel.Benchmarks.5.6\Catel.Benchmarks.5.6.csproj", "{04A56EEB-EBA1-48F5-B87D-12429AACA23B}"
EndProject
Project("{9A19103F-16F7-4668-BE54-9A1E7A4F7556}") = "Catel.Benchmarks.5.9", "Catel.Benchmarks.5.9\Catel.Benchmarks.5.9.csproj", "{F23E4AC0-68C9-4574-A917-ABE2E9B12704}"
EndProject
Project("{9A19103F-16F7-4668-BE54-9A1E7A4F7556}") = "Catel.Benchmarks.5.12", "Catel.Benchmarks.5.12\Catel.Benchmarks.5.12.csproj", "{4265794C-B56E-4F90-BD47-26E4DF9B5138}"
EndProject
Project("{9A19103F-16F7-4668-BE54-9A1E7A4F7556}") = "Catel.Benchmarks.6.0", "Catel.Benchmarks.6.0\Catel.Benchmarks.6.0.csproj", "{4B7FBCA2-EE4A-4303-BB7A-1CA819F9916C}"
EndProject
Global
	GlobalSection(SharedMSBuildProjectFiles) = preSolution
		Catel.Benchmarks.Shared\Catel.Benchmarks.Shared.projitems*{04a56eeb-eba1-48f5-b87d-12429aaca23b}*SharedItemsImports = 5
		Catel.Benchmarks.Shared\Catel.Benchmarks.Shared.projitems*{0f5adfd5-3052-45ea-ac81-771235ac8b06}*SharedItemsImports = 5
		Catel.Benchmarks.Shared\Catel.Benchmarks.Shared.projitems*{210ae7fc-543f-4d63-b0e0-2765d7b5ceb1}*SharedItemsImports = 13
		Catel.Benchmarks.Shared\Catel.Benchmarks.Shared.projitems*{4265794c-b56e-4f90-bd47-26e4df9b5138}*SharedItemsImports = 5
		Catel.Benchmarks.Shared\Catel.Benchmarks.Shared.projitems*{4b7fbca2-ee4a-4303-bb7a-1ca819f9916c}*SharedItemsImports = 5
		Catel.Benchmarks.Shared\Catel.Benchmarks.Shared.projitems*{68a4dbf3-eb58-4b68-b3ff-5174d1b118fe}*SharedItemsImports = 5
		Catel.Benchmarks.Shared\Catel.Benchmarks.Shared.projitems*{ea7f2b63-24ec-4917-92c2-f05c102dd293}*SharedItemsImports = 5
		Catel.Benchmarks.Shared\Catel.Benchmarks.Shared.projitems*{f23e4ac0-68c9-4574-a917-abe2e9b12704}*SharedItemsImports = 5
	EndGlobalSection
	GlobalSection(SolutionConfigurationPlatforms) = preSolution
		Debug|Any CPU = Debug|Any CPU
		Release|Any CPU = Release|Any CPU
	EndGlobalSection
	GlobalSection(ProjectConfigurationPlatforms) = postSolution
		{DB7F989A-A74C-4535-9F6E-5F9A41908597}.Debug|Any CPU.ActiveCfg = Debug|Any CPU
		{DB7F989A-A74C-4535-9F6E-5F9A41908597}.Debug|Any CPU.Build.0 = Debug|Any CPU
		{DB7F989A-A74C-4535-9F6E-5F9A41908597}.Release|Any CPU.ActiveCfg = Release|Any CPU
		{DB7F989A-A74C-4535-9F6E-5F9A41908597}.Release|Any CPU.Build.0 = Release|Any CPU
		{0F5ADFD5-3052-45EA-AC81-771235AC8B06}.Debug|Any CPU.ActiveCfg = Debug|Any CPU
		{0F5ADFD5-3052-45EA-AC81-771235AC8B06}.Debug|Any CPU.Build.0 = Debug|Any CPU
		{0F5ADFD5-3052-45EA-AC81-771235AC8B06}.Release|Any CPU.ActiveCfg = Release|Any CPU
		{0F5ADFD5-3052-45EA-AC81-771235AC8B06}.Release|Any CPU.Build.0 = Release|Any CPU
		{EA7F2B63-24EC-4917-92C2-F05C102DD293}.Debug|Any CPU.ActiveCfg = Debug|Any CPU
		{EA7F2B63-24EC-4917-92C2-F05C102DD293}.Debug|Any CPU.Build.0 = Debug|Any CPU
		{EA7F2B63-24EC-4917-92C2-F05C102DD293}.Release|Any CPU.ActiveCfg = Release|Any CPU
		{EA7F2B63-24EC-4917-92C2-F05C102DD293}.Release|Any CPU.Build.0 = Release|Any CPU
		{68A4DBF3-EB58-4B68-B3FF-5174D1B118FE}.Debug|Any CPU.ActiveCfg = Debug|Any CPU
		{68A4DBF3-EB58-4B68-B3FF-5174D1B118FE}.Debug|Any CPU.Build.0 = Debug|Any CPU
		{68A4DBF3-EB58-4B68-B3FF-5174D1B118FE}.Release|Any CPU.ActiveCfg = Release|Any CPU
		{68A4DBF3-EB58-4B68-B3FF-5174D1B118FE}.Release|Any CPU.Build.0 = Release|Any CPU
		{04A56EEB-EBA1-48F5-B87D-12429AACA23B}.Debug|Any CPU.ActiveCfg = Debug|Any CPU
		{04A56EEB-EBA1-48F5-B87D-12429AACA23B}.Debug|Any CPU.Build.0 = Debug|Any CPU
		{04A56EEB-EBA1-48F5-B87D-12429AACA23B}.Release|Any CPU.ActiveCfg = Release|Any CPU
		{04A56EEB-EBA1-48F5-B87D-12429AACA23B}.Release|Any CPU.Build.0 = Release|Any CPU
		{F23E4AC0-68C9-4574-A917-ABE2E9B12704}.Debug|Any CPU.ActiveCfg = Debug|Any CPU
		{F23E4AC0-68C9-4574-A917-ABE2E9B12704}.Debug|Any CPU.Build.0 = Debug|Any CPU
		{F23E4AC0-68C9-4574-A917-ABE2E9B12704}.Release|Any CPU.ActiveCfg = Release|Any CPU
		{F23E4AC0-68C9-4574-A917-ABE2E9B12704}.Release|Any CPU.Build.0 = Release|Any CPU
		{4265794C-B56E-4F90-BD47-26E4DF9B5138}.Debug|Any CPU.ActiveCfg = Debug|Any CPU
		{4265794C-B56E-4F90-BD47-26E4DF9B5138}.Debug|Any CPU.Build.0 = Debug|Any CPU
		{4265794C-B56E-4F90-BD47-26E4DF9B5138}.Release|Any CPU.ActiveCfg = Release|Any CPU
		{4265794C-B56E-4F90-BD47-26E4DF9B5138}.Release|Any CPU.Build.0 = Release|Any CPU
		{4B7FBCA2-EE4A-4303-BB7A-1CA819F9916C}.Debug|Any CPU.ActiveCfg = Debug|Any CPU
		{4B7FBCA2-EE4A-4303-BB7A-1CA819F9916C}.Debug|Any CPU.Build.0 = Debug|Any CPU
		{4B7FBCA2-EE4A-4303-BB7A-1CA819F9916C}.Release|Any CPU.ActiveCfg = Release|Any CPU
		{4B7FBCA2-EE4A-4303-BB7A-1CA819F9916C}.Release|Any CPU.Build.0 = Release|Any CPU
	EndGlobalSection
	GlobalSection(SolutionProperties) = preSolution
		HideSolutionNode = FALSE
	EndGlobalSection
	GlobalSection(NestedProjects) = preSolution
		{210AE7FC-543F-4D63-B0E0-2765D7B5CEB1} = {2A12C41E-EEE8-4EF7-8FC9-EF16F5B23D7F}
		{2A12C41E-EEE8-4EF7-8FC9-EF16F5B23D7F} = {27115CCC-C1EE-4864-A4EA-87D26BC8A736}
		{23D72EE1-3FF4-4B07-8B79-134B8E5242D6} = {27115CCC-C1EE-4864-A4EA-87D26BC8A736}
		{DB7F989A-A74C-4535-9F6E-5F9A41908597} = {23D72EE1-3FF4-4B07-8B79-134B8E5242D6}
		{0F5ADFD5-3052-45EA-AC81-771235AC8B06} = {2A12C41E-EEE8-4EF7-8FC9-EF16F5B23D7F}
		{EA7F2B63-24EC-4917-92C2-F05C102DD293} = {2A12C41E-EEE8-4EF7-8FC9-EF16F5B23D7F}
		{68A4DBF3-EB58-4B68-B3FF-5174D1B118FE} = {2A12C41E-EEE8-4EF7-8FC9-EF16F5B23D7F}
		{04A56EEB-EBA1-48F5-B87D-12429AACA23B} = {2A12C41E-EEE8-4EF7-8FC9-EF16F5B23D7F}
		{F23E4AC0-68C9-4574-A917-ABE2E9B12704} = {2A12C41E-EEE8-4EF7-8FC9-EF16F5B23D7F}
		{4265794C-B56E-4F90-BD47-26E4DF9B5138} = {2A12C41E-EEE8-4EF7-8FC9-EF16F5B23D7F}
		{4B7FBCA2-EE4A-4303-BB7A-1CA819F9916C} = {2A12C41E-EEE8-4EF7-8FC9-EF16F5B23D7F}
	EndGlobalSection
	GlobalSection(ExtensibilityGlobals) = postSolution
		SolutionGuid = {054A6688-610A-4484-A765-FD6C9B0291A2}
	EndGlobalSection
EndGlobal
