
Microsoft Visual Studio Solution File, Format Version 12.00
# Visual Studio 15
VisualStudioVersion = 15.0.26430.16
MinimumVisualStudioVersion = 10.0.40219.1
Project("{2150E333-8FDC-42A3-9474-1A3956D46DE8}") = "src", "src", "{27115CCC-C1EE-4864-A4EA-87D26BC8A736}"
EndProject
Project("{2150E333-8FDC-42A3-9474-1A3956D46DE8}") = "misc", "misc", "{5AED8118-8A9E-4F8F-BD95-AF02876A23BF}"
	ProjectSection(SolutionItems) = preProject
		Catel.Benchmarks.sln.DotSettings = Catel.Benchmarks.sln.DotSettings
		nuget.config = nuget.config
		SolutionAssemblyInfo.cs = SolutionAssemblyInfo.cs
	EndProjectSection
EndProject
Project("{D954291E-2A0B-460D-934E-DC6B0785DB48}") = "Catel.Benchmarks.Shared", "Catel.Benchmarks.Shared\Catel.Benchmarks.Shared.shproj", "{210AE7FC-543F-4D63-B0E0-2765D7B5CEB1}"
EndProject
Project("{FAE04EC0-301F-11D3-BF4B-00C04F79EFBC}") = "Catel.Benchmarks.4.4.0", "Catel.Benchmarks.4.4.0\Catel.Benchmarks.4.4.0.csproj", "{59DA31C5-75AD-46E2-ADB8-3CE406E63811}"
EndProject
Project("{FAE04EC0-301F-11D3-BF4B-00C04F79EFBC}") = "Catel.Benchmarks.4.3.0", "Catel.Benchmarks.4.3.0\Catel.Benchmarks.4.3.0.csproj", "{4FB5C919-85D0-43D3-9001-0A634FDB8923}"
EndProject
Project("{FAE04EC0-301F-11D3-BF4B-00C04F79EFBC}") = "Catel.Benchmarks.4.2.0", "Catel.Benchmarks.4.2.0\Catel.Benchmarks.4.2.0.csproj", "{55DCCBA8-7861-493D-9180-42A62C6E828D}"
EndProject
Project("{FAE04EC0-301F-11D3-BF4B-00C04F79EFBC}") = "Catel.Benchmarks.4.5.0", "Catel.Benchmarks.4.5.0\Catel.Benchmarks.4.5.0.csproj", "{663705ED-A19F-4D72-8288-FD15AD0E15A9}"
EndProject
Project("{2150E333-8FDC-42A3-9474-1A3956D46DE8}") = "Benchmarks", "Benchmarks", "{2A12C41E-EEE8-4EF7-8FC9-EF16F5B23D7F}"
EndProject
Project("{2150E333-8FDC-42A3-9474-1A3956D46DE8}") = "Runner", "Runner", "{23D72EE1-3FF4-4B07-8B79-134B8E5242D6}"
EndProject
Project("{FAE04EC0-301F-11D3-BF4B-00C04F79EFBC}") = "Catel.BenchmarkCombiner", "Catel.BenchmarkCombiner\Catel.BenchmarkCombiner.csproj", "{DB7F989A-A74C-4535-9F6E-5F9A41908597}"
	ProjectSection(ProjectDependencies) = postProject
		{4FB5C919-85D0-43D3-9001-0A634FDB8923} = {4FB5C919-85D0-43D3-9001-0A634FDB8923}
		{7B5C4B53-8E4F-456C-9632-CFFC1CC02B3B} = {7B5C4B53-8E4F-456C-9632-CFFC1CC02B3B}
		{55DCCBA8-7861-493D-9180-42A62C6E828D} = {55DCCBA8-7861-493D-9180-42A62C6E828D}
		{59DA31C5-75AD-46E2-ADB8-3CE406E63811} = {59DA31C5-75AD-46E2-ADB8-3CE406E63811}
		{0F5ADFD5-3052-45EA-AC81-771235AC8B06} = {0F5ADFD5-3052-45EA-AC81-771235AC8B06}
		{663705ED-A19F-4D72-8288-FD15AD0E15A9} = {663705ED-A19F-4D72-8288-FD15AD0E15A9}
	EndProjectSection
EndProject
Project("{FAE04EC0-301F-11D3-BF4B-00C04F79EFBC}") = "Catel.Benchmarks.4.5.4", "Catel.Benchmarks.4.5.4\Catel.Benchmarks.4.5.4.csproj", "{7B5C4B53-8E4F-456C-9632-CFFC1CC02B3B}"
EndProject
Project("{FAE04EC0-301F-11D3-BF4B-00C04F79EFBC}") = "Catel.Benchmarks.5.0.0", "Catel.Benchmarks.5.0.0\Catel.Benchmarks.5.0.0.csproj", "{0F5ADFD5-3052-45EA-AC81-771235AC8B06}"
EndProject
Project("{FAE04EC0-301F-11D3-BF4B-00C04F79EFBC}") = "Catel.Benchmarks.5.1.0", "Catel.Benchmarks.5.1.0\Catel.Benchmarks.5.1.0.csproj", "{9F2F57CA-1CAB-4E40-B564-52A40F00A1CF}"
EndProject
Global
	GlobalSection(SharedMSBuildProjectFiles) = preSolution
		Catel.Benchmarks.Shared\Catel.Benchmarks.Shared.projitems*{0f5adfd5-3052-45ea-ac81-771235ac8b06}*SharedItemsImports = 4
		Catel.Benchmarks.Shared\Catel.Benchmarks.Shared.projitems*{210ae7fc-543f-4d63-b0e0-2765d7b5ceb1}*SharedItemsImports = 13
		Catel.Benchmarks.Shared\Catel.Benchmarks.Shared.projitems*{4fb5c919-85d0-43d3-9001-0a634fdb8923}*SharedItemsImports = 4
		Catel.Benchmarks.Shared\Catel.Benchmarks.Shared.projitems*{55dccba8-7861-493d-9180-42a62c6e828d}*SharedItemsImports = 4
		Catel.Benchmarks.Shared\Catel.Benchmarks.Shared.projitems*{59da31c5-75ad-46e2-adb8-3ce406e63811}*SharedItemsImports = 4
		Catel.Benchmarks.Shared\Catel.Benchmarks.Shared.projitems*{663705ed-a19f-4d72-8288-fd15ad0e15a9}*SharedItemsImports = 4
		Catel.Benchmarks.Shared\Catel.Benchmarks.Shared.projitems*{7b5c4b53-8e4f-456c-9632-cffc1cc02b3b}*SharedItemsImports = 4
		Catel.Benchmarks.Shared\Catel.Benchmarks.Shared.projitems*{9f2f57ca-1cab-4e40-b564-52a40f00a1cf}*SharedItemsImports = 4
	EndGlobalSection
	GlobalSection(SolutionConfigurationPlatforms) = preSolution
		Debug|Any CPU = Debug|Any CPU
		Release|Any CPU = Release|Any CPU
	EndGlobalSection
	GlobalSection(ProjectConfigurationPlatforms) = postSolution
		{59DA31C5-75AD-46E2-ADB8-3CE406E63811}.Debug|Any CPU.ActiveCfg = Debug|Any CPU
		{59DA31C5-75AD-46E2-ADB8-3CE406E63811}.Debug|Any CPU.Build.0 = Debug|Any CPU
		{59DA31C5-75AD-46E2-ADB8-3CE406E63811}.Release|Any CPU.ActiveCfg = Release|Any CPU
		{59DA31C5-75AD-46E2-ADB8-3CE406E63811}.Release|Any CPU.Build.0 = Release|Any CPU
		{4FB5C919-85D0-43D3-9001-0A634FDB8923}.Debug|Any CPU.ActiveCfg = Debug|Any CPU
		{4FB5C919-85D0-43D3-9001-0A634FDB8923}.Debug|Any CPU.Build.0 = Debug|Any CPU
		{4FB5C919-85D0-43D3-9001-0A634FDB8923}.Release|Any CPU.ActiveCfg = Release|Any CPU
		{4FB5C919-85D0-43D3-9001-0A634FDB8923}.Release|Any CPU.Build.0 = Release|Any CPU
		{55DCCBA8-7861-493D-9180-42A62C6E828D}.Debug|Any CPU.ActiveCfg = Debug|Any CPU
		{55DCCBA8-7861-493D-9180-42A62C6E828D}.Debug|Any CPU.Build.0 = Debug|Any CPU
		{55DCCBA8-7861-493D-9180-42A62C6E828D}.Release|Any CPU.ActiveCfg = Release|Any CPU
		{55DCCBA8-7861-493D-9180-42A62C6E828D}.Release|Any CPU.Build.0 = Release|Any CPU
		{663705ED-A19F-4D72-8288-FD15AD0E15A9}.Debug|Any CPU.ActiveCfg = Debug|Any CPU
		{663705ED-A19F-4D72-8288-FD15AD0E15A9}.Debug|Any CPU.Build.0 = Debug|Any CPU
		{663705ED-A19F-4D72-8288-FD15AD0E15A9}.Release|Any CPU.ActiveCfg = Release|Any CPU
		{663705ED-A19F-4D72-8288-FD15AD0E15A9}.Release|Any CPU.Build.0 = Release|Any CPU
		{DB7F989A-A74C-4535-9F6E-5F9A41908597}.Debug|Any CPU.ActiveCfg = Debug|Any CPU
		{DB7F989A-A74C-4535-9F6E-5F9A41908597}.Debug|Any CPU.Build.0 = Debug|Any CPU
		{DB7F989A-A74C-4535-9F6E-5F9A41908597}.Release|Any CPU.ActiveCfg = Release|Any CPU
		{DB7F989A-A74C-4535-9F6E-5F9A41908597}.Release|Any CPU.Build.0 = Release|Any CPU
		{7B5C4B53-8E4F-456C-9632-CFFC1CC02B3B}.Debug|Any CPU.ActiveCfg = Debug|Any CPU
		{7B5C4B53-8E4F-456C-9632-CFFC1CC02B3B}.Debug|Any CPU.Build.0 = Debug|Any CPU
		{7B5C4B53-8E4F-456C-9632-CFFC1CC02B3B}.Release|Any CPU.ActiveCfg = Release|Any CPU
		{7B5C4B53-8E4F-456C-9632-CFFC1CC02B3B}.Release|Any CPU.Build.0 = Release|Any CPU
		{0F5ADFD5-3052-45EA-AC81-771235AC8B06}.Debug|Any CPU.ActiveCfg = Debug|Any CPU
		{0F5ADFD5-3052-45EA-AC81-771235AC8B06}.Debug|Any CPU.Build.0 = Debug|Any CPU
		{0F5ADFD5-3052-45EA-AC81-771235AC8B06}.Release|Any CPU.ActiveCfg = Release|Any CPU
		{0F5ADFD5-3052-45EA-AC81-771235AC8B06}.Release|Any CPU.Build.0 = Release|Any CPU
		{9F2F57CA-1CAB-4E40-B564-52A40F00A1CF}.Debug|Any CPU.ActiveCfg = Debug|Any CPU
		{9F2F57CA-1CAB-4E40-B564-52A40F00A1CF}.Debug|Any CPU.Build.0 = Debug|Any CPU
		{9F2F57CA-1CAB-4E40-B564-52A40F00A1CF}.Release|Any CPU.ActiveCfg = Release|Any CPU
		{9F2F57CA-1CAB-4E40-B564-52A40F00A1CF}.Release|Any CPU.Build.0 = Release|Any CPU
	EndGlobalSection
	GlobalSection(SolutionProperties) = preSolution
		HideSolutionNode = FALSE
	EndGlobalSection
	GlobalSection(NestedProjects) = preSolution
		{210AE7FC-543F-4D63-B0E0-2765D7B5CEB1} = {2A12C41E-EEE8-4EF7-8FC9-EF16F5B23D7F}
		{59DA31C5-75AD-46E2-ADB8-3CE406E63811} = {2A12C41E-EEE8-4EF7-8FC9-EF16F5B23D7F}
		{4FB5C919-85D0-43D3-9001-0A634FDB8923} = {2A12C41E-EEE8-4EF7-8FC9-EF16F5B23D7F}
		{55DCCBA8-7861-493D-9180-42A62C6E828D} = {2A12C41E-EEE8-4EF7-8FC9-EF16F5B23D7F}
		{663705ED-A19F-4D72-8288-FD15AD0E15A9} = {2A12C41E-EEE8-4EF7-8FC9-EF16F5B23D7F}
		{2A12C41E-EEE8-4EF7-8FC9-EF16F5B23D7F} = {27115CCC-C1EE-4864-A4EA-87D26BC8A736}
		{23D72EE1-3FF4-4B07-8B79-134B8E5242D6} = {27115CCC-C1EE-4864-A4EA-87D26BC8A736}
		{DB7F989A-A74C-4535-9F6E-5F9A41908597} = {23D72EE1-3FF4-4B07-8B79-134B8E5242D6}
		{7B5C4B53-8E4F-456C-9632-CFFC1CC02B3B} = {2A12C41E-EEE8-4EF7-8FC9-EF16F5B23D7F}
		{0F5ADFD5-3052-45EA-AC81-771235AC8B06} = {2A12C41E-EEE8-4EF7-8FC9-EF16F5B23D7F}
		{9F2F57CA-1CAB-4E40-B564-52A40F00A1CF} = {2A12C41E-EEE8-4EF7-8FC9-EF16F5B23D7F}
	EndGlobalSection
EndGlobal
